
Microsoft Visual Studio Solution File, Format Version 12.00
Project("{FAE04EC0-301F-11D3-BF4B-00C04F79EFBC}") = "docker.101", "docker.101\docker.101.csproj", "{FF7A8875-5734-472E-8930-69636F8E30ED}"
EndProject
Global
	GlobalSection(SolutionConfigurationPlatforms) = preSolution
		Debug|Any CPU = Debug|Any CPU
		Release|Any CPU = Release|Any CPU
	EndGlobalSection
	GlobalSection(ProjectConfigurationPlatforms) = postSolution
		{FF7A8875-5734-472E-8930-69636F8E30ED}.Debug|Any CPU.ActiveCfg = Debug|Any CPU
		{FF7A8875-5734-472E-8930-69636F8E30ED}.Debug|Any CPU.Build.0 = Debug|Any CPU
		{FF7A8875-5734-472E-8930-69636F8E30ED}.Release|Any CPU.ActiveCfg = Release|Any CPU
		{FF7A8875-5734-472E-8930-69636F8E30ED}.Release|Any CPU.Build.0 = Release|Any CPU
	EndGlobalSection
EndGlobal
